
Microsoft Visual Studio Solution File, Format Version 12.00
# Visual Studio Version 16
VisualStudioVersion = 16.0.32901.82
MinimumVisualStudioVersion = 10.0.40219.1
Project("{FAE04EC0-301F-11D3-BF4B-00C04F79EFBC}") = "Tema3-EquiposNBA", "Tema3-EquiposNBA\Tema3-EquiposNBA.csproj", "{9CFCB4BE-985C-4ADF-A161-D60485CD769B}"
EndProject
Global
	GlobalSection(SolutionConfigurationPlatforms) = preSolution
		Debug|Any CPU = Debug|Any CPU
		Release|Any CPU = Release|Any CPU
	EndGlobalSection
	GlobalSection(ProjectConfigurationPlatforms) = postSolution
		{9CFCB4BE-985C-4ADF-A161-D60485CD769B}.Debug|Any CPU.ActiveCfg = Debug|Any CPU
		{9CFCB4BE-985C-4ADF-A161-D60485CD769B}.Debug|Any CPU.Build.0 = Debug|Any CPU
		{9CFCB4BE-985C-4ADF-A161-D60485CD769B}.Release|Any CPU.ActiveCfg = Release|Any CPU
		{9CFCB4BE-985C-4ADF-A161-D60485CD769B}.Release|Any CPU.Build.0 = Release|Any CPU
	EndGlobalSection
	GlobalSection(SolutionProperties) = preSolution
		HideSolutionNode = FALSE
	EndGlobalSection
	GlobalSection(ExtensibilityGlobals) = postSolution
		SolutionGuid = {CB54BE91-6374-4C4D-89CA-F883CD1A2204}
	EndGlobalSection
EndGlobal
